// !$*UTF8*$!
{
	archiveVersion = 1;
	classes = {
	};
	objectVersion = 50;
	objects = {

/* Begin PBXBuildFile section */
		4928221825A952DB0082AE2B /* DetailView.swift in Sources */ = {isa = PBXBuildFile; fileRef = 4928221725A952DB0082AE2B /* DetailView.swift */; };
		4928222125A953940082AE2B /* DetailViewModel.swift in Sources */ = {isa = PBXBuildFile; fileRef = 4928222025A953940082AE2B /* DetailViewModel.swift */; };
		4928222A25A957370082AE2B /* DetailViewCoordinator.swift in Sources */ = {isa = PBXBuildFile; fileRef = 4928222925A957370082AE2B /* DetailViewCoordinator.swift */; };
		4B8B769925A8863400C39EA2 /* SwiftUI_MVVM_Clean_ArchitectureApp.swift in Sources */ = {isa = PBXBuildFile; fileRef = 4B8B769825A8863400C39EA2 /* SwiftUI_MVVM_Clean_ArchitectureApp.swift */; };
		4B8B769D25A8863600C39EA2 /* Assets.xcassets in Resources */ = {isa = PBXBuildFile; fileRef = 4B8B769C25A8863600C39EA2 /* Assets.xcassets */; };
		4B8B76A025A8863600C39EA2 /* Preview Assets.xcassets in Resources */ = {isa = PBXBuildFile; fileRef = 4B8B769F25A8863600C39EA2 /* Preview Assets.xcassets */; };
		4B8B76AB25A8863600C39EA2 /* SwiftUI_MVVM_Clean_ArchitectureTests.swift in Sources */ = {isa = PBXBuildFile; fileRef = 4B8B76AA25A8863600C39EA2 /* SwiftUI_MVVM_Clean_ArchitectureTests.swift */; };
		4B8B76B625A8863600C39EA2 /* SwiftUI_MVVM_Clean_ArchitectureUITests.swift in Sources */ = {isa = PBXBuildFile; fileRef = 4B8B76B525A8863600C39EA2 /* SwiftUI_MVVM_Clean_ArchitectureUITests.swift */; };
		4B8B76CC25A8AE9A00C39EA2 /* MainView.swift in Sources */ = {isa = PBXBuildFile; fileRef = 4B8B76CB25A8AE9A00C39EA2 /* MainView.swift */; };
		4B8B76D925A8B07200C39EA2 /* AppCoordinator.swift in Sources */ = {isa = PBXBuildFile; fileRef = 4B8B76D825A8B07200C39EA2 /* AppCoordinator.swift */; };
		4B8B76DF25A8B09C00C39EA2 /* Coordinator.swift in Sources */ = {isa = PBXBuildFile; fileRef = 4B8B76DE25A8B09C00C39EA2 /* Coordinator.swift */; };
		4B8B76F425A8B10E00C39EA2 /* AssociatedObject.swift in Sources */ = {isa = PBXBuildFile; fileRef = 4B8B76F325A8B10E00C39EA2 /* AssociatedObject.swift */; };
		4B8B770325A8B55400C39EA2 /* MainViewCoordinator.swift in Sources */ = {isa = PBXBuildFile; fileRef = 4B8B770225A8B55400C39EA2 /* MainViewCoordinator.swift */; };
		4B8B770C25A8B97800C39EA2 /* MainViewModel.swift in Sources */ = {isa = PBXBuildFile; fileRef = 4B8B770B25A8B97800C39EA2 /* MainViewModel.swift */; };
		4B8B771425A8B9D200C39EA2 /* ViewModelProtocol.swift in Sources */ = {isa = PBXBuildFile; fileRef = 4B8B771325A8B9D200C39EA2 /* ViewModelProtocol.swift */; };
		4B8B773325A8D2F800C39EA2 /* NavigationHelper.swift in Sources */ = {isa = PBXBuildFile; fileRef = 4B8B773225A8D2F800C39EA2 /* NavigationHelper.swift */; };
		4B8B77BC25AB4E0200C39EA2 /* Navigation.swift in Sources */ = {isa = PBXBuildFile; fileRef = 4B8B77BB25AB4E0200C39EA2 /* Navigation.swift */; };
		4B8B77C125AB4E3800C39EA2 /* DestinationHostingController.swift in Sources */ = {isa = PBXBuildFile; fileRef = 4B8B77C025AB4E3800C39EA2 /* DestinationHostingController.swift */; };
		4B8B77C625AB4E5E00C39EA2 /* NavigationBarTitleConfiguration.swift in Sources */ = {isa = PBXBuildFile; fileRef = 4B8B77C525AB4E5E00C39EA2 /* NavigationBarTitleConfiguration.swift */; };
/* End PBXBuildFile section */

/* Begin PBXContainerItemProxy section */
		4B8B76A725A8863600C39EA2 /* PBXContainerItemProxy */ = {
			isa = PBXContainerItemProxy;
			containerPortal = 4B8B768D25A8863300C39EA2 /* Project object */;
			proxyType = 1;
			remoteGlobalIDString = 4B8B769425A8863400C39EA2;
			remoteInfo = SwiftUI_MVVM_Clean_Architecture;
		};
		4B8B76B225A8863600C39EA2 /* PBXContainerItemProxy */ = {
			isa = PBXContainerItemProxy;
			containerPortal = 4B8B768D25A8863300C39EA2 /* Project object */;
			proxyType = 1;
			remoteGlobalIDString = 4B8B769425A8863400C39EA2;
			remoteInfo = SwiftUI_MVVM_Clean_Architecture;
		};
/* End PBXContainerItemProxy section */

/* Begin PBXFileReference section */
		4928221725A952DB0082AE2B /* DetailView.swift */ = {isa = PBXFileReference; lastKnownFileType = sourcecode.swift; path = DetailView.swift; sourceTree = "<group>"; };
		4928222025A953940082AE2B /* DetailViewModel.swift */ = {isa = PBXFileReference; lastKnownFileType = sourcecode.swift; path = DetailViewModel.swift; sourceTree = "<group>"; };
		4928222925A957370082AE2B /* DetailViewCoordinator.swift */ = {isa = PBXFileReference; lastKnownFileType = sourcecode.swift; path = DetailViewCoordinator.swift; sourceTree = "<group>"; };
		4B8B769525A8863400C39EA2 /* SwiftUI_MVVM_Clean_Architecture.app */ = {isa = PBXFileReference; explicitFileType = wrapper.application; includeInIndex = 0; path = SwiftUI_MVVM_Clean_Architecture.app; sourceTree = BUILT_PRODUCTS_DIR; };
		4B8B769825A8863400C39EA2 /* SwiftUI_MVVM_Clean_ArchitectureApp.swift */ = {isa = PBXFileReference; lastKnownFileType = sourcecode.swift; path = SwiftUI_MVVM_Clean_ArchitectureApp.swift; sourceTree = "<group>"; };
		4B8B769C25A8863600C39EA2 /* Assets.xcassets */ = {isa = PBXFileReference; lastKnownFileType = folder.assetcatalog; path = Assets.xcassets; sourceTree = "<group>"; };
		4B8B769F25A8863600C39EA2 /* Preview Assets.xcassets */ = {isa = PBXFileReference; lastKnownFileType = folder.assetcatalog; path = "Preview Assets.xcassets"; sourceTree = "<group>"; };
		4B8B76A125A8863600C39EA2 /* Info.plist */ = {isa = PBXFileReference; lastKnownFileType = text.plist.xml; path = Info.plist; sourceTree = "<group>"; };
		4B8B76A625A8863600C39EA2 /* SwiftUI_MVVM_Clean_ArchitectureTests.xctest */ = {isa = PBXFileReference; explicitFileType = wrapper.cfbundle; includeInIndex = 0; path = SwiftUI_MVVM_Clean_ArchitectureTests.xctest; sourceTree = BUILT_PRODUCTS_DIR; };
		4B8B76AA25A8863600C39EA2 /* SwiftUI_MVVM_Clean_ArchitectureTests.swift */ = {isa = PBXFileReference; lastKnownFileType = sourcecode.swift; path = SwiftUI_MVVM_Clean_ArchitectureTests.swift; sourceTree = "<group>"; };
		4B8B76AC25A8863600C39EA2 /* Info.plist */ = {isa = PBXFileReference; lastKnownFileType = text.plist.xml; path = Info.plist; sourceTree = "<group>"; };
		4B8B76B125A8863600C39EA2 /* SwiftUI_MVVM_Clean_ArchitectureUITests.xctest */ = {isa = PBXFileReference; explicitFileType = wrapper.cfbundle; includeInIndex = 0; path = SwiftUI_MVVM_Clean_ArchitectureUITests.xctest; sourceTree = BUILT_PRODUCTS_DIR; };
		4B8B76B525A8863600C39EA2 /* SwiftUI_MVVM_Clean_ArchitectureUITests.swift */ = {isa = PBXFileReference; lastKnownFileType = sourcecode.swift; path = SwiftUI_MVVM_Clean_ArchitectureUITests.swift; sourceTree = "<group>"; };
		4B8B76B725A8863600C39EA2 /* Info.plist */ = {isa = PBXFileReference; lastKnownFileType = text.plist.xml; path = Info.plist; sourceTree = "<group>"; };
		4B8B76CB25A8AE9A00C39EA2 /* MainView.swift */ = {isa = PBXFileReference; lastKnownFileType = sourcecode.swift; path = MainView.swift; sourceTree = "<group>"; };
		4B8B76D825A8B07200C39EA2 /* AppCoordinator.swift */ = {isa = PBXFileReference; lastKnownFileType = sourcecode.swift; path = AppCoordinator.swift; sourceTree = "<group>"; };
		4B8B76DE25A8B09C00C39EA2 /* Coordinator.swift */ = {isa = PBXFileReference; lastKnownFileType = sourcecode.swift; path = Coordinator.swift; sourceTree = "<group>"; };
		4B8B76F325A8B10E00C39EA2 /* AssociatedObject.swift */ = {isa = PBXFileReference; lastKnownFileType = sourcecode.swift; path = AssociatedObject.swift; sourceTree = "<group>"; };
		4B8B770225A8B55400C39EA2 /* MainViewCoordinator.swift */ = {isa = PBXFileReference; lastKnownFileType = sourcecode.swift; path = MainViewCoordinator.swift; sourceTree = "<group>"; };
		4B8B770B25A8B97800C39EA2 /* MainViewModel.swift */ = {isa = PBXFileReference; lastKnownFileType = sourcecode.swift; path = MainViewModel.swift; sourceTree = "<group>"; };
		4B8B771325A8B9D200C39EA2 /* ViewModelProtocol.swift */ = {isa = PBXFileReference; lastKnownFileType = sourcecode.swift; path = ViewModelProtocol.swift; sourceTree = "<group>"; };
		4B8B773225A8D2F800C39EA2 /* NavigationHelper.swift */ = {isa = PBXFileReference; lastKnownFileType = sourcecode.swift; path = NavigationHelper.swift; sourceTree = "<group>"; };
		4B8B77BB25AB4E0200C39EA2 /* Navigation.swift */ = {isa = PBXFileReference; lastKnownFileType = sourcecode.swift; path = Navigation.swift; sourceTree = "<group>"; };
		4B8B77C025AB4E3800C39EA2 /* DestinationHostingController.swift */ = {isa = PBXFileReference; lastKnownFileType = sourcecode.swift; path = DestinationHostingController.swift; sourceTree = "<group>"; };
		4B8B77C525AB4E5E00C39EA2 /* NavigationBarTitleConfiguration.swift */ = {isa = PBXFileReference; lastKnownFileType = sourcecode.swift; path = NavigationBarTitleConfiguration.swift; sourceTree = "<group>"; };
/* End PBXFileReference section */

/* Begin PBXFrameworksBuildPhase section */
		4B8B769225A8863400C39EA2 /* Frameworks */ = {
			isa = PBXFrameworksBuildPhase;
			buildActionMask = 2147483647;
			files = (
			);
			runOnlyForDeploymentPostprocessing = 0;
		};
		4B8B76A325A8863600C39EA2 /* Frameworks */ = {
			isa = PBXFrameworksBuildPhase;
			buildActionMask = 2147483647;
			files = (
			);
			runOnlyForDeploymentPostprocessing = 0;
		};
		4B8B76AE25A8863600C39EA2 /* Frameworks */ = {
			isa = PBXFrameworksBuildPhase;
			buildActionMask = 2147483647;
			files = (
			);
			runOnlyForDeploymentPostprocessing = 0;
		};
/* End PBXFrameworksBuildPhase section */

/* Begin PBXGroup section */
		4928221425A952BD0082AE2B /* DetailView */ = {
			isa = PBXGroup;
			children = (
				4928222825A9571D0082AE2B /* Coordinator */,
				4928221F25A953850082AE2B /* ViewModel */,
				4928221625A952CA0082AE2B /* View */,
			);
			path = DetailView;
			sourceTree = "<group>";
		};
		4928221625A952CA0082AE2B /* View */ = {
			isa = PBXGroup;
			children = (
				4928221725A952DB0082AE2B /* DetailView.swift */,
			);
			path = View;
			sourceTree = "<group>";
		};
		4928221F25A953850082AE2B /* ViewModel */ = {
			isa = PBXGroup;
			children = (
				4928222025A953940082AE2B /* DetailViewModel.swift */,
			);
			path = ViewModel;
			sourceTree = "<group>";
		};
		4928222825A9571D0082AE2B /* Coordinator */ = {
			isa = PBXGroup;
			children = (
				4928222925A957370082AE2B /* DetailViewCoordinator.swift */,
			);
			path = Coordinator;
			sourceTree = "<group>";
		};
		4B8B768C25A8863300C39EA2 = {
			isa = PBXGroup;
			children = (
				4B8B769725A8863400C39EA2 /* SwiftUI_MVVM_Clean_Architecture */,
				4B8B76A925A8863600C39EA2 /* SwiftUI_MVVM_Clean_ArchitectureTests */,
				4B8B76B425A8863600C39EA2 /* SwiftUI_MVVM_Clean_ArchitectureUITests */,
				4B8B769625A8863400C39EA2 /* Products */,
			);
			sourceTree = "<group>";
		};
		4B8B769625A8863400C39EA2 /* Products */ = {
			isa = PBXGroup;
			children = (
				4B8B769525A8863400C39EA2 /* SwiftUI_MVVM_Clean_Architecture.app */,
				4B8B76A625A8863600C39EA2 /* SwiftUI_MVVM_Clean_ArchitectureTests.xctest */,
				4B8B76B125A8863600C39EA2 /* SwiftUI_MVVM_Clean_ArchitectureUITests.xctest */,
			);
			name = Products;
			sourceTree = "<group>";
		};
		4B8B769725A8863400C39EA2 /* SwiftUI_MVVM_Clean_Architecture */ = {
			isa = PBXGroup;
			children = (
				4B8B772B25A8D0E700C39EA2 /* Views */,
				4B8B76E625A8B0DB00C39EA2 /* Helper */,
				4B8B76DD25A8B09000C39EA2 /* Base */,
				4B8B76C725A8ADC100C39EA2 /* App */,
				4B8B769C25A8863600C39EA2 /* Assets.xcassets */,
				4B8B76A125A8863600C39EA2 /* Info.plist */,
				4B8B769E25A8863600C39EA2 /* Preview Content */,
			);
			path = SwiftUI_MVVM_Clean_Architecture;
			sourceTree = "<group>";
		};
		4B8B769E25A8863600C39EA2 /* Preview Content */ = {
			isa = PBXGroup;
			children = (
				4B8B769F25A8863600C39EA2 /* Preview Assets.xcassets */,
			);
			path = "Preview Content";
			sourceTree = "<group>";
		};
		4B8B76A925A8863600C39EA2 /* SwiftUI_MVVM_Clean_ArchitectureTests */ = {
			isa = PBXGroup;
			children = (
				4B8B76AA25A8863600C39EA2 /* SwiftUI_MVVM_Clean_ArchitectureTests.swift */,
				4B8B76AC25A8863600C39EA2 /* Info.plist */,
			);
			path = SwiftUI_MVVM_Clean_ArchitectureTests;
			sourceTree = "<group>";
		};
		4B8B76B425A8863600C39EA2 /* SwiftUI_MVVM_Clean_ArchitectureUITests */ = {
			isa = PBXGroup;
			children = (
				4B8B76B525A8863600C39EA2 /* SwiftUI_MVVM_Clean_ArchitectureUITests.swift */,
				4B8B76B725A8863600C39EA2 /* Info.plist */,
			);
			path = SwiftUI_MVVM_Clean_ArchitectureUITests;
			sourceTree = "<group>";
		};
		4B8B76C625A8ADB600C39EA2 /* MainView */ = {
			isa = PBXGroup;
			children = (
				4B8B770A25A8B96B00C39EA2 /* ViewModel */,
				4B8B770125A8B53A00C39EA2 /* Coordinator */,
				4B8B770025A8B52F00C39EA2 /* View */,
			);
			path = MainView;
			sourceTree = "<group>";
		};
		4B8B76C725A8ADC100C39EA2 /* App */ = {
			isa = PBXGroup;
			children = (
				4B8B769825A8863400C39EA2 /* SwiftUI_MVVM_Clean_ArchitectureApp.swift */,
				4B8B76D825A8B07200C39EA2 /* AppCoordinator.swift */,
			);
			path = App;
			sourceTree = "<group>";
		};
		4B8B76DD25A8B09000C39EA2 /* Base */ = {
			isa = PBXGroup;
			children = (
				4B8B76DE25A8B09C00C39EA2 /* Coordinator.swift */,
				4B8B771325A8B9D200C39EA2 /* ViewModelProtocol.swift */,
			);
			path = Base;
			sourceTree = "<group>";
		};
		4B8B76E625A8B0DB00C39EA2 /* Helper */ = {
			isa = PBXGroup;
			children = (
				4B8B76F325A8B10E00C39EA2 /* AssociatedObject.swift */,
				4B8B773225A8D2F800C39EA2 /* NavigationHelper.swift */,
				4B8B77BB25AB4E0200C39EA2 /* Navigation.swift */,
				4B8B77C025AB4E3800C39EA2 /* DestinationHostingController.swift */,
				4B8B77C525AB4E5E00C39EA2 /* NavigationBarTitleConfiguration.swift */,
			);
			path = Helper;
			sourceTree = "<group>";
		};
		4B8B770025A8B52F00C39EA2 /* View */ = {
			isa = PBXGroup;
			children = (
				4B8B76CB25A8AE9A00C39EA2 /* MainView.swift */,
			);
			path = View;
			sourceTree = "<group>";
		};
		4B8B770125A8B53A00C39EA2 /* Coordinator */ = {
			isa = PBXGroup;
			children = (
				4B8B770225A8B55400C39EA2 /* MainViewCoordinator.swift */,
			);
			path = Coordinator;
			sourceTree = "<group>";
		};
		4B8B770A25A8B96B00C39EA2 /* ViewModel */ = {
			isa = PBXGroup;
			children = (
				4B8B770B25A8B97800C39EA2 /* MainViewModel.swift */,
			);
			path = ViewModel;
			sourceTree = "<group>";
		};
		4B8B772B25A8D0E700C39EA2 /* Views */ = {
			isa = PBXGroup;
			children = (
				4928221425A952BD0082AE2B /* DetailView */,
				4B8B76C625A8ADB600C39EA2 /* MainView */,
			);
			path = Views;
			sourceTree = "<group>";
		};
/* End PBXGroup section */

/* Begin PBXNativeTarget section */
		4B8B769425A8863400C39EA2 /* SwiftUI_MVVM_Clean_Architecture */ = {
			isa = PBXNativeTarget;
			buildConfigurationList = 4B8B76BA25A8863600C39EA2 /* Build configuration list for PBXNativeTarget "SwiftUI_MVVM_Clean_Architecture" */;
			buildPhases = (
				4B8B769125A8863400C39EA2 /* Sources */,
				4B8B769225A8863400C39EA2 /* Frameworks */,
				4B8B769325A8863400C39EA2 /* Resources */,
			);
			buildRules = (
			);
			dependencies = (
			);
			name = SwiftUI_MVVM_Clean_Architecture;
			productName = SwiftUI_MVVM_Clean_Architecture;
			productReference = 4B8B769525A8863400C39EA2 /* SwiftUI_MVVM_Clean_Architecture.app */;
			productType = "com.apple.product-type.application";
		};
		4B8B76A525A8863600C39EA2 /* SwiftUI_MVVM_Clean_ArchitectureTests */ = {
			isa = PBXNativeTarget;
			buildConfigurationList = 4B8B76BD25A8863600C39EA2 /* Build configuration list for PBXNativeTarget "SwiftUI_MVVM_Clean_ArchitectureTests" */;
			buildPhases = (
				4B8B76A225A8863600C39EA2 /* Sources */,
				4B8B76A325A8863600C39EA2 /* Frameworks */,
				4B8B76A425A8863600C39EA2 /* Resources */,
			);
			buildRules = (
			);
			dependencies = (
				4B8B76A825A8863600C39EA2 /* PBXTargetDependency */,
			);
			name = SwiftUI_MVVM_Clean_ArchitectureTests;
			productName = SwiftUI_MVVM_Clean_ArchitectureTests;
			productReference = 4B8B76A625A8863600C39EA2 /* SwiftUI_MVVM_Clean_ArchitectureTests.xctest */;
			productType = "com.apple.product-type.bundle.unit-test";
		};
		4B8B76B025A8863600C39EA2 /* SwiftUI_MVVM_Clean_ArchitectureUITests */ = {
			isa = PBXNativeTarget;
			buildConfigurationList = 4B8B76C025A8863600C39EA2 /* Build configuration list for PBXNativeTarget "SwiftUI_MVVM_Clean_ArchitectureUITests" */;
			buildPhases = (
				4B8B76AD25A8863600C39EA2 /* Sources */,
				4B8B76AE25A8863600C39EA2 /* Frameworks */,
				4B8B76AF25A8863600C39EA2 /* Resources */,
			);
			buildRules = (
			);
			dependencies = (
				4B8B76B325A8863600C39EA2 /* PBXTargetDependency */,
			);
			name = SwiftUI_MVVM_Clean_ArchitectureUITests;
			productName = SwiftUI_MVVM_Clean_ArchitectureUITests;
			productReference = 4B8B76B125A8863600C39EA2 /* SwiftUI_MVVM_Clean_ArchitectureUITests.xctest */;
			productType = "com.apple.product-type.bundle.ui-testing";
		};
/* End PBXNativeTarget section */

/* Begin PBXProject section */
		4B8B768D25A8863300C39EA2 /* Project object */ = {
			isa = PBXProject;
			attributes = {
				LastSwiftUpdateCheck = 1230;
				LastUpgradeCheck = 1230;
				TargetAttributes = {
					4B8B769425A8863400C39EA2 = {
						CreatedOnToolsVersion = 12.3;
					};
					4B8B76A525A8863600C39EA2 = {
						CreatedOnToolsVersion = 12.3;
						TestTargetID = 4B8B769425A8863400C39EA2;
					};
					4B8B76B025A8863600C39EA2 = {
						CreatedOnToolsVersion = 12.3;
						TestTargetID = 4B8B769425A8863400C39EA2;
					};
				};
			};
			buildConfigurationList = 4B8B769025A8863300C39EA2 /* Build configuration list for PBXProject "SwiftUI_MVVM_Clean_Architecture" */;
			compatibilityVersion = "Xcode 9.3";
			developmentRegion = en;
			hasScannedForEncodings = 0;
			knownRegions = (
				en,
				Base,
			);
			mainGroup = 4B8B768C25A8863300C39EA2;
			productRefGroup = 4B8B769625A8863400C39EA2 /* Products */;
			projectDirPath = "";
			projectRoot = "";
			targets = (
				4B8B769425A8863400C39EA2 /* SwiftUI_MVVM_Clean_Architecture */,
				4B8B76A525A8863600C39EA2 /* SwiftUI_MVVM_Clean_ArchitectureTests */,
				4B8B76B025A8863600C39EA2 /* SwiftUI_MVVM_Clean_ArchitectureUITests */,
			);
		};
/* End PBXProject section */

/* Begin PBXResourcesBuildPhase section */
		4B8B769325A8863400C39EA2 /* Resources */ = {
			isa = PBXResourcesBuildPhase;
			buildActionMask = 2147483647;
			files = (
				4B8B76A025A8863600C39EA2 /* Preview Assets.xcassets in Resources */,
				4B8B769D25A8863600C39EA2 /* Assets.xcassets in Resources */,
			);
			runOnlyForDeploymentPostprocessing = 0;
		};
		4B8B76A425A8863600C39EA2 /* Resources */ = {
			isa = PBXResourcesBuildPhase;
			buildActionMask = 2147483647;
			files = (
			);
			runOnlyForDeploymentPostprocessing = 0;
		};
		4B8B76AF25A8863600C39EA2 /* Resources */ = {
			isa = PBXResourcesBuildPhase;
			buildActionMask = 2147483647;
			files = (
			);
			runOnlyForDeploymentPostprocessing = 0;
		};
/* End PBXResourcesBuildPhase section */

/* Begin PBXSourcesBuildPhase section */
		4B8B769125A8863400C39EA2 /* Sources */ = {
			isa = PBXSourcesBuildPhase;
			buildActionMask = 2147483647;
			files = (
				4B8B771425A8B9D200C39EA2 /* ViewModelProtocol.swift in Sources */,
				4B8B770C25A8B97800C39EA2 /* MainViewModel.swift in Sources */,
				4B8B76DF25A8B09C00C39EA2 /* Coordinator.swift in Sources */,
				4928221825A952DB0082AE2B /* DetailView.swift in Sources */,
				4B8B76F425A8B10E00C39EA2 /* AssociatedObject.swift in Sources */,
				4B8B76D925A8B07200C39EA2 /* AppCoordinator.swift in Sources */,
				4B8B76CC25A8AE9A00C39EA2 /* MainView.swift in Sources */,
				4B8B770325A8B55400C39EA2 /* MainViewCoordinator.swift in Sources */,
				4928222A25A957370082AE2B /* DetailViewCoordinator.swift in Sources */,
				4B8B77BC25AB4E0200C39EA2 /* Navigation.swift in Sources */,
				4B8B77C625AB4E5E00C39EA2 /* NavigationBarTitleConfiguration.swift in Sources */,
				4B8B773325A8D2F800C39EA2 /* NavigationHelper.swift in Sources */,
				4928222125A953940082AE2B /* DetailViewModel.swift in Sources */,
				4B8B769925A8863400C39EA2 /* SwiftUI_MVVM_Clean_ArchitectureApp.swift in Sources */,
				4B8B77C125AB4E3800C39EA2 /* DestinationHostingController.swift in Sources */,
			);
			runOnlyForDeploymentPostprocessing = 0;
		};
		4B8B76A225A8863600C39EA2 /* Sources */ = {
			isa = PBXSourcesBuildPhase;
			buildActionMask = 2147483647;
			files = (
				4B8B76AB25A8863600C39EA2 /* SwiftUI_MVVM_Clean_ArchitectureTests.swift in Sources */,
			);
			runOnlyForDeploymentPostprocessing = 0;
		};
		4B8B76AD25A8863600C39EA2 /* Sources */ = {
			isa = PBXSourcesBuildPhase;
			buildActionMask = 2147483647;
			files = (
				4B8B76B625A8863600C39EA2 /* SwiftUI_MVVM_Clean_ArchitectureUITests.swift in Sources */,
			);
			runOnlyForDeploymentPostprocessing = 0;
		};
/* End PBXSourcesBuildPhase section */

/* Begin PBXTargetDependency section */
		4B8B76A825A8863600C39EA2 /* PBXTargetDependency */ = {
			isa = PBXTargetDependency;
			target = 4B8B769425A8863400C39EA2 /* SwiftUI_MVVM_Clean_Architecture */;
			targetProxy = 4B8B76A725A8863600C39EA2 /* PBXContainerItemProxy */;
		};
		4B8B76B325A8863600C39EA2 /* PBXTargetDependency */ = {
			isa = PBXTargetDependency;
			target = 4B8B769425A8863400C39EA2 /* SwiftUI_MVVM_Clean_Architecture */;
			targetProxy = 4B8B76B225A8863600C39EA2 /* PBXContainerItemProxy */;
		};
/* End PBXTargetDependency section */

/* Begin XCBuildConfiguration section */
		4B8B76B825A8863600C39EA2 /* Debug */ = {
			isa = XCBuildConfiguration;
			buildSettings = {
				ALWAYS_SEARCH_USER_PATHS = NO;
				CLANG_ANALYZER_NONNULL = YES;
				CLANG_ANALYZER_NUMBER_OBJECT_CONVERSION = YES_AGGRESSIVE;
				CLANG_CXX_LANGUAGE_STANDARD = "gnu++14";
				CLANG_CXX_LIBRARY = "libc++";
				CLANG_ENABLE_MODULES = YES;
				CLANG_ENABLE_OBJC_ARC = YES;
				CLANG_ENABLE_OBJC_WEAK = YES;
				CLANG_WARN_BLOCK_CAPTURE_AUTORELEASING = YES;
				CLANG_WARN_BOOL_CONVERSION = YES;
				CLANG_WARN_COMMA = YES;
				CLANG_WARN_CONSTANT_CONVERSION = YES;
				CLANG_WARN_DEPRECATED_OBJC_IMPLEMENTATIONS = YES;
				CLANG_WARN_DIRECT_OBJC_ISA_USAGE = YES_ERROR;
				CLANG_WARN_DOCUMENTATION_COMMENTS = YES;
				CLANG_WARN_EMPTY_BODY = YES;
				CLANG_WARN_ENUM_CONVERSION = YES;
				CLANG_WARN_INFINITE_RECURSION = YES;
				CLANG_WARN_INT_CONVERSION = YES;
				CLANG_WARN_NON_LITERAL_NULL_CONVERSION = YES;
				CLANG_WARN_OBJC_IMPLICIT_RETAIN_SELF = YES;
				CLANG_WARN_OBJC_LITERAL_CONVERSION = YES;
				CLANG_WARN_OBJC_ROOT_CLASS = YES_ERROR;
				CLANG_WARN_QUOTED_INCLUDE_IN_FRAMEWORK_HEADER = YES;
				CLANG_WARN_RANGE_LOOP_ANALYSIS = YES;
				CLANG_WARN_STRICT_PROTOTYPES = YES;
				CLANG_WARN_SUSPICIOUS_MOVE = YES;
				CLANG_WARN_UNGUARDED_AVAILABILITY = YES_AGGRESSIVE;
				CLANG_WARN_UNREACHABLE_CODE = YES;
				CLANG_WARN__DUPLICATE_METHOD_MATCH = YES;
				COPY_PHASE_STRIP = NO;
				DEBUG_INFORMATION_FORMAT = dwarf;
				ENABLE_STRICT_OBJC_MSGSEND = YES;
				ENABLE_TESTABILITY = YES;
				GCC_C_LANGUAGE_STANDARD = gnu11;
				GCC_DYNAMIC_NO_PIC = NO;
				GCC_NO_COMMON_BLOCKS = YES;
				GCC_OPTIMIZATION_LEVEL = 0;
				GCC_PREPROCESSOR_DEFINITIONS = (
					"DEBUG=1",
					"$(inherited)",
				);
				GCC_WARN_64_TO_32_BIT_CONVERSION = YES;
				GCC_WARN_ABOUT_RETURN_TYPE = YES_ERROR;
				GCC_WARN_UNDECLARED_SELECTOR = YES;
				GCC_WARN_UNINITIALIZED_AUTOS = YES_AGGRESSIVE;
				GCC_WARN_UNUSED_FUNCTION = YES;
				GCC_WARN_UNUSED_VARIABLE = YES;
				IPHONEOS_DEPLOYMENT_TARGET = 14.3;
				MTL_ENABLE_DEBUG_INFO = INCLUDE_SOURCE;
				MTL_FAST_MATH = YES;
				ONLY_ACTIVE_ARCH = YES;
				SDKROOT = iphoneos;
				SWIFT_ACTIVE_COMPILATION_CONDITIONS = DEBUG;
				SWIFT_OPTIMIZATION_LEVEL = "-Onone";
			};
			name = Debug;
		};
		4B8B76B925A8863600C39EA2 /* Release */ = {
			isa = XCBuildConfiguration;
			buildSettings = {
				ALWAYS_SEARCH_USER_PATHS = NO;
				CLANG_ANALYZER_NONNULL = YES;
				CLANG_ANALYZER_NUMBER_OBJECT_CONVERSION = YES_AGGRESSIVE;
				CLANG_CXX_LANGUAGE_STANDARD = "gnu++14";
				CLANG_CXX_LIBRARY = "libc++";
				CLANG_ENABLE_MODULES = YES;
				CLANG_ENABLE_OBJC_ARC = YES;
				CLANG_ENABLE_OBJC_WEAK = YES;
				CLANG_WARN_BLOCK_CAPTURE_AUTORELEASING = YES;
				CLANG_WARN_BOOL_CONVERSION = YES;
				CLANG_WARN_COMMA = YES;
				CLANG_WARN_CONSTANT_CONVERSION = YES;
				CLANG_WARN_DEPRECATED_OBJC_IMPLEMENTATIONS = YES;
				CLANG_WARN_DIRECT_OBJC_ISA_USAGE = YES_ERROR;
				CLANG_WARN_DOCUMENTATION_COMMENTS = YES;
				CLANG_WARN_EMPTY_BODY = YES;
				CLANG_WARN_ENUM_CONVERSION = YES;
				CLANG_WARN_INFINITE_RECURSION = YES;
				CLANG_WARN_INT_CONVERSION = YES;
				CLANG_WARN_NON_LITERAL_NULL_CONVERSION = YES;
				CLANG_WARN_OBJC_IMPLICIT_RETAIN_SELF = YES;
				CLANG_WARN_OBJC_LITERAL_CONVERSION = YES;
				CLANG_WARN_OBJC_ROOT_CLASS = YES_ERROR;
				CLANG_WARN_QUOTED_INCLUDE_IN_FRAMEWORK_HEADER = YES;
				CLANG_WARN_RANGE_LOOP_ANALYSIS = YES;
				CLANG_WARN_STRICT_PROTOTYPES = YES;
				CLANG_WARN_SUSPICIOUS_MOVE = YES;
				CLANG_WARN_UNGUARDED_AVAILABILITY = YES_AGGRESSIVE;
				CLANG_WARN_UNREACHABLE_CODE = YES;
				CLANG_WARN__DUPLICATE_METHOD_MATCH = YES;
				COPY_PHASE_STRIP = NO;
				DEBUG_INFORMATION_FORMAT = "dwarf-with-dsym";
				ENABLE_NS_ASSERTIONS = NO;
				ENABLE_STRICT_OBJC_MSGSEND = YES;
				GCC_C_LANGUAGE_STANDARD = gnu11;
				GCC_NO_COMMON_BLOCKS = YES;
				GCC_WARN_64_TO_32_BIT_CONVERSION = YES;
				GCC_WARN_ABOUT_RETURN_TYPE = YES_ERROR;
				GCC_WARN_UNDECLARED_SELECTOR = YES;
				GCC_WARN_UNINITIALIZED_AUTOS = YES_AGGRESSIVE;
				GCC_WARN_UNUSED_FUNCTION = YES;
				GCC_WARN_UNUSED_VARIABLE = YES;
				IPHONEOS_DEPLOYMENT_TARGET = 14.3;
				MTL_ENABLE_DEBUG_INFO = NO;
				MTL_FAST_MATH = YES;
				SDKROOT = iphoneos;
				SWIFT_COMPILATION_MODE = wholemodule;
				SWIFT_OPTIMIZATION_LEVEL = "-O";
				VALIDATE_PRODUCT = YES;
			};
			name = Release;
		};
		4B8B76BB25A8863600C39EA2 /* Debug */ = {
			isa = XCBuildConfiguration;
			buildSettings = {
				ASSETCATALOG_COMPILER_APPICON_NAME = AppIcon;
				ASSETCATALOG_COMPILER_GLOBAL_ACCENT_COLOR_NAME = AccentColor;
				CODE_SIGN_STYLE = Automatic;
				DEVELOPMENT_ASSET_PATHS = "\"SwiftUI_MVVM_Clean_Architecture/Preview Content\"";
				DEVELOPMENT_TEAM = QUBUQMPS73;
				ENABLE_PREVIEWS = YES;
				INFOPLIST_FILE = SwiftUI_MVVM_Clean_Architecture/Info.plist;
				IPHONEOS_DEPLOYMENT_TARGET = 14.0;
				LD_RUNPATH_SEARCH_PATHS = (
					"$(inherited)",
					"@executable_path/Frameworks",
				);
				PRODUCT_BUNDLE_IDENTIFIER = "com.fate.SwiftUI-MVVM-Clean-Architecture";
				PRODUCT_NAME = "$(TARGET_NAME)";
				SWIFT_VERSION = 5.0;
				TARGETED_DEVICE_FAMILY = "1,2";
			};
			name = Debug;
		};
		4B8B76BC25A8863600C39EA2 /* Release */ = {
			isa = XCBuildConfiguration;
			buildSettings = {
				ASSETCATALOG_COMPILER_APPICON_NAME = AppIcon;
				ASSETCATALOG_COMPILER_GLOBAL_ACCENT_COLOR_NAME = AccentColor;
				CODE_SIGN_STYLE = Automatic;
				DEVELOPMENT_ASSET_PATHS = "\"SwiftUI_MVVM_Clean_Architecture/Preview Content\"";
				DEVELOPMENT_TEAM = QUBUQMPS73;
				ENABLE_PREVIEWS = YES;
				INFOPLIST_FILE = SwiftUI_MVVM_Clean_Architecture/Info.plist;
				IPHONEOS_DEPLOYMENT_TARGET = 14.0;
				LD_RUNPATH_SEARCH_PATHS = (
					"$(inherited)",
					"@executable_path/Frameworks",
				);
				PRODUCT_BUNDLE_IDENTIFIER = "com.fate.SwiftUI-MVVM-Clean-Architecture";
				PRODUCT_NAME = "$(TARGET_NAME)";
				SWIFT_VERSION = 5.0;
				TARGETED_DEVICE_FAMILY = "1,2";
			};
			name = Release;
		};
		4B8B76BE25A8863600C39EA2 /* Debug */ = {
			isa = XCBuildConfiguration;
			buildSettings = {
				ALWAYS_EMBED_SWIFT_STANDARD_LIBRARIES = YES;
				BUNDLE_LOADER = "$(TEST_HOST)";
				CODE_SIGN_STYLE = Automatic;
				INFOPLIST_FILE = SwiftUI_MVVM_Clean_ArchitectureTests/Info.plist;
				IPHONEOS_DEPLOYMENT_TARGET = 14.0;
				LD_RUNPATH_SEARCH_PATHS = (
					"$(inherited)",
					"@executable_path/Frameworks",
					"@loader_path/Frameworks",
				);
				PRODUCT_BUNDLE_IDENTIFIER = "com.fate.SwiftUI-MVVM-Clean-ArchitectureTests";
				PRODUCT_NAME = "$(TARGET_NAME)";
				SWIFT_VERSION = 5.0;
				TARGETED_DEVICE_FAMILY = "1,2";
				TEST_HOST = "$(BUILT_PRODUCTS_DIR)/SwiftUI_MVVM_Clean_Architecture.app/SwiftUI_MVVM_Clean_Architecture";
			};
			name = Debug;
		};
		4B8B76BF25A8863600C39EA2 /* Release */ = {
			isa = XCBuildConfiguration;
			buildSettings = {
				ALWAYS_EMBED_SWIFT_STANDARD_LIBRARIES = YES;
				BUNDLE_LOADER = "$(TEST_HOST)";
				CODE_SIGN_STYLE = Automatic;
				INFOPLIST_FILE = SwiftUI_MVVM_Clean_ArchitectureTests/Info.plist;
				IPHONEOS_DEPLOYMENT_TARGET = 14.0;
				LD_RUNPATH_SEARCH_PATHS = (
					"$(inherited)",
					"@executable_path/Frameworks",
					"@loader_path/Frameworks",
				);
				PRODUCT_BUNDLE_IDENTIFIER = "com.fate.SwiftUI-MVVM-Clean-ArchitectureTests";
				PRODUCT_NAME = "$(TARGET_NAME)";
				SWIFT_VERSION = 5.0;
				TARGETED_DEVICE_FAMILY = "1,2";
				TEST_HOST = "$(BUILT_PRODUCTS_DIR)/SwiftUI_MVVM_Clean_Architecture.app/SwiftUI_MVVM_Clean_Architecture";
			};
			name = Release;
		};
		4B8B76C125A8863600C39EA2 /* Debug */ = {
			isa = XCBuildConfiguration;
			buildSettings = {
				ALWAYS_EMBED_SWIFT_STANDARD_LIBRARIES = YES;
				CODE_SIGN_STYLE = Automatic;
				INFOPLIST_FILE = SwiftUI_MVVM_Clean_ArchitectureUITests/Info.plist;
				LD_RUNPATH_SEARCH_PATHS = (
					"$(inherited)",
					"@executable_path/Frameworks",
					"@loader_path/Frameworks",
				);
				PRODUCT_BUNDLE_IDENTIFIER = "com.fate.SwiftUI-MVVM-Clean-ArchitectureUITests";
				PRODUCT_NAME = "$(TARGET_NAME)";
				SWIFT_VERSION = 5.0;
				TARGETED_DEVICE_FAMILY = "1,2";
				TEST_TARGET_NAME = SwiftUI_MVVM_Clean_Architecture;
			};
			name = Debug;
		};
		4B8B76C225A8863600C39EA2 /* Release */ = {
			isa = XCBuildConfiguration;
			buildSettings = {
				ALWAYS_EMBED_SWIFT_STANDARD_LIBRARIES = YES;
				CODE_SIGN_STYLE = Automatic;
				INFOPLIST_FILE = SwiftUI_MVVM_Clean_ArchitectureUITests/Info.plist;
				LD_RUNPATH_SEARCH_PATHS = (
					"$(inherited)",
					"@executable_path/Frameworks",
					"@loader_path/Frameworks",
				);
				PRODUCT_BUNDLE_IDENTIFIER = "com.fate.SwiftUI-MVVM-Clean-ArchitectureUITests";
				PRODUCT_NAME = "$(TARGET_NAME)";
				SWIFT_VERSION = 5.0;
				TARGETED_DEVICE_FAMILY = "1,2";
				TEST_TARGET_NAME = SwiftUI_MVVM_Clean_Architecture;
			};
			name = Release;
		};
/* End XCBuildConfiguration section */

/* Begin XCConfigurationList section */
		4B8B769025A8863300C39EA2 /* Build configuration list for PBXProject "SwiftUI_MVVM_Clean_Architecture" */ = {
			isa = XCConfigurationList;
			buildConfigurations = (
				4B8B76B825A8863600C39EA2 /* Debug */,
				4B8B76B925A8863600C39EA2 /* Release */,
			);
			defaultConfigurationIsVisible = 0;
			defaultConfigurationName = Release;
		};
		4B8B76BA25A8863600C39EA2 /* Build configuration list for PBXNativeTarget "SwiftUI_MVVM_Clean_Architecture" */ = {
			isa = XCConfigurationList;
			buildConfigurations = (
				4B8B76BB25A8863600C39EA2 /* Debug */,
				4B8B76BC25A8863600C39EA2 /* Release */,
			);
			defaultConfigurationIsVisible = 0;
			defaultConfigurationName = Release;
		};
		4B8B76BD25A8863600C39EA2 /* Build configuration list for PBXNativeTarget "SwiftUI_MVVM_Clean_ArchitectureTests" */ = {
			isa = XCConfigurationList;
			buildConfigurations = (
				4B8B76BE25A8863600C39EA2 /* Debug */,
				4B8B76BF25A8863600C39EA2 /* Release */,
			);
			defaultConfigurationIsVisible = 0;
			defaultConfigurationName = Release;
		};
		4B8B76C025A8863600C39EA2 /* Build configuration list for PBXNativeTarget "SwiftUI_MVVM_Clean_ArchitectureUITests" */ = {
			isa = XCConfigurationList;
			buildConfigurations = (
				4B8B76C125A8863600C39EA2 /* Debug */,
				4B8B76C225A8863600C39EA2 /* Release */,
			);
			defaultConfigurationIsVisible = 0;
			defaultConfigurationName = Release;
		};
/* End XCConfigurationList section */
	};
	rootObject = 4B8B768D25A8863300C39EA2 /* Project object */;
}
